
Microsoft Visual Studio Solution File, Format Version 12.00
# Visual Studio 15
VisualStudioVersion = 15.0.28306.52
MinimumVisualStudioVersion = 10.0.40219.1
Project("{FAE04EC0-301F-11D3-BF4B-00C04F79EFBC}") = "YPS.Android", "YPS\YPS.Android\YPS.Android.csproj", "{05DBCF14-5B00-4A70-B05E-09019E4D12EE}"
EndProject
Project("{FAE04EC0-301F-11D3-BF4B-00C04F79EFBC}") = "YPS.iOS", "YPS\YPS.iOS\YPS.iOS.csproj", "{00662C27-8862-440F-A27B-5AFAA22BA3AB}"
EndProject
Project("{FAE04EC0-301F-11D3-BF4B-00C04F79EFBC}") = "YPS", "YPS\YPS\YPS.csproj", "{5BE8EB3E-CED5-42EA-8911-3B99DE2DEFDA}"
EndProject
Global
	GlobalSection(SolutionConfigurationPlatforms) = preSolution
		Ad-Hoc|Any CPU = Ad-Hoc|Any CPU
		Ad-Hoc|iPhone = Ad-Hoc|iPhone
		Ad-Hoc|iPhoneSimulator = Ad-Hoc|iPhoneSimulator
		AppStore|Any CPU = AppStore|Any CPU
		AppStore|iPhone = AppStore|iPhone
		AppStore|iPhoneSimulator = AppStore|iPhoneSimulator
		Debug|Any CPU = Debug|Any CPU
		Debug|iPhone = Debug|iPhone
		Debug|iPhoneSimulator = Debug|iPhoneSimulator
		Release|Any CPU = Release|Any CPU
		Release|iPhone = Release|iPhone
		Release|iPhoneSimulator = Release|iPhoneSimulator
	EndGlobalSection
	GlobalSection(ProjectConfigurationPlatforms) = postSolution
		{05DBCF14-5B00-4A70-B05E-09019E4D12EE}.Ad-Hoc|Any CPU.ActiveCfg = Release|Any CPU
		{05DBCF14-5B00-4A70-B05E-09019E4D12EE}.Ad-Hoc|Any CPU.Build.0 = Release|Any CPU
		{05DBCF14-5B00-4A70-B05E-09019E4D12EE}.Ad-Hoc|Any CPU.Deploy.0 = Release|Any CPU
		{05DBCF14-5B00-4A70-B05E-09019E4D12EE}.Ad-Hoc|iPhone.ActiveCfg = Release|Any CPU
		{05DBCF14-5B00-4A70-B05E-09019E4D12EE}.Ad-Hoc|iPhone.Build.0 = Release|Any CPU
		{05DBCF14-5B00-4A70-B05E-09019E4D12EE}.Ad-Hoc|iPhone.Deploy.0 = Release|Any CPU
		{05DBCF14-5B00-4A70-B05E-09019E4D12EE}.Ad-Hoc|iPhoneSimulator.ActiveCfg = Release|Any CPU
		{05DBCF14-5B00-4A70-B05E-09019E4D12EE}.Ad-Hoc|iPhoneSimulator.Build.0 = Release|Any CPU
		{05DBCF14-5B00-4A70-B05E-09019E4D12EE}.Ad-Hoc|iPhoneSimulator.Deploy.0 = Release|Any CPU
		{05DBCF14-5B00-4A70-B05E-09019E4D12EE}.AppStore|Any CPU.ActiveCfg = Release|Any CPU
		{05DBCF14-5B00-4A70-B05E-09019E4D12EE}.AppStore|Any CPU.Build.0 = Release|Any CPU
		{05DBCF14-5B00-4A70-B05E-09019E4D12EE}.AppStore|Any CPU.Deploy.0 = Release|Any CPU
		{05DBCF14-5B00-4A70-B05E-09019E4D12EE}.AppStore|iPhone.ActiveCfg = Release|Any CPU
		{05DBCF14-5B00-4A70-B05E-09019E4D12EE}.AppStore|iPhone.Build.0 = Release|Any CPU
		{05DBCF14-5B00-4A70-B05E-09019E4D12EE}.AppStore|iPhone.Deploy.0 = Release|Any CPU
		{05DBCF14-5B00-4A70-B05E-09019E4D12EE}.AppStore|iPhoneSimulator.ActiveCfg = Release|Any CPU
		{05DBCF14-5B00-4A70-B05E-09019E4D12EE}.AppStore|iPhoneSimulator.Build.0 = Release|Any CPU
		{05DBCF14-5B00-4A70-B05E-09019E4D12EE}.AppStore|iPhoneSimulator.Deploy.0 = Release|Any CPU
		{05DBCF14-5B00-4A70-B05E-09019E4D12EE}.Debug|Any CPU.ActiveCfg = Debug|Any CPU
		{05DBCF14-5B00-4A70-B05E-09019E4D12EE}.Debug|Any CPU.Build.0 = Debug|Any CPU
		{05DBCF14-5B00-4A70-B05E-09019E4D12EE}.Debug|Any CPU.Deploy.0 = Debug|Any CPU
		{05DBCF14-5B00-4A70-B05E-09019E4D12EE}.Debug|iPhone.ActiveCfg = Debug|Any CPU
		{05DBCF14-5B00-4A70-B05E-09019E4D12EE}.Debug|iPhone.Build.0 = Debug|Any CPU
		{05DBCF14-5B00-4A70-B05E-09019E4D12EE}.Debug|iPhone.Deploy.0 = Debug|Any CPU
		{05DBCF14-5B00-4A70-B05E-09019E4D12EE}.Debug|iPhoneSimulator.ActiveCfg = Debug|Any CPU
		{05DBCF14-5B00-4A70-B05E-09019E4D12EE}.Debug|iPhoneSimulator.Build.0 = Debug|Any CPU
		{05DBCF14-5B00-4A70-B05E-09019E4D12EE}.Debug|iPhoneSimulator.Deploy.0 = Debug|Any CPU
		{05DBCF14-5B00-4A70-B05E-09019E4D12EE}.Release|Any CPU.ActiveCfg = Release|Any CPU
		{05DBCF14-5B00-4A70-B05E-09019E4D12EE}.Release|Any CPU.Build.0 = Release|Any CPU
		{05DBCF14-5B00-4A70-B05E-09019E4D12EE}.Release|Any CPU.Deploy.0 = Release|Any CPU
		{05DBCF14-5B00-4A70-B05E-09019E4D12EE}.Release|iPhone.ActiveCfg = Release|Any CPU
		{05DBCF14-5B00-4A70-B05E-09019E4D12EE}.Release|iPhone.Build.0 = Release|Any CPU
		{05DBCF14-5B00-4A70-B05E-09019E4D12EE}.Release|iPhone.Deploy.0 = Release|Any CPU
		{05DBCF14-5B00-4A70-B05E-09019E4D12EE}.Release|iPhoneSimulator.ActiveCfg = Release|Any CPU
		{05DBCF14-5B00-4A70-B05E-09019E4D12EE}.Release|iPhoneSimulator.Build.0 = Release|Any CPU
		{05DBCF14-5B00-4A70-B05E-09019E4D12EE}.Release|iPhoneSimulator.Deploy.0 = Release|Any CPU
		{00662C27-8862-440F-A27B-5AFAA22BA3AB}.Ad-Hoc|Any CPU.ActiveCfg = Ad-Hoc|iPhone
		{00662C27-8862-440F-A27B-5AFAA22BA3AB}.Ad-Hoc|Any CPU.Build.0 = Ad-Hoc|iPhone
		{00662C27-8862-440F-A27B-5AFAA22BA3AB}.Ad-Hoc|Any CPU.Deploy.0 = Ad-Hoc|iPhone
		{00662C27-8862-440F-A27B-5AFAA22BA3AB}.Ad-Hoc|iPhone.ActiveCfg = Ad-Hoc|iPhone
		{00662C27-8862-440F-A27B-5AFAA22BA3AB}.Ad-Hoc|iPhone.Build.0 = Ad-Hoc|iPhone
		{00662C27-8862-440F-A27B-5AFAA22BA3AB}.Ad-Hoc|iPhone.Deploy.0 = Ad-Hoc|iPhone
		{00662C27-8862-440F-A27B-5AFAA22BA3AB}.Ad-Hoc|iPhoneSimulator.ActiveCfg = Ad-Hoc|iPhoneSimulator
		{00662C27-8862-440F-A27B-5AFAA22BA3AB}.Ad-Hoc|iPhoneSimulator.Build.0 = Ad-Hoc|iPhoneSimulator
		{00662C27-8862-440F-A27B-5AFAA22BA3AB}.Ad-Hoc|iPhoneSimulator.Deploy.0 = Ad-Hoc|iPhoneSimulator
		{00662C27-8862-440F-A27B-5AFAA22BA3AB}.AppStore|Any CPU.ActiveCfg = AppStore|iPhone
		{00662C27-8862-440F-A27B-5AFAA22BA3AB}.AppStore|Any CPU.Build.0 = AppStore|iPhone
		{00662C27-8862-440F-A27B-5AFAA22BA3AB}.AppStore|Any CPU.Deploy.0 = AppStore|iPhone
		{00662C27-8862-440F-A27B-5AFAA22BA3AB}.AppStore|iPhone.ActiveCfg = AppStore|iPhone
		{00662C27-8862-440F-A27B-5AFAA22BA3AB}.AppStore|iPhone.Build.0 = AppStore|iPhone
		{00662C27-8862-440F-A27B-5AFAA22BA3AB}.AppStore|iPhone.Deploy.0 = AppStore|iPhone
		{00662C27-8862-440F-A27B-5AFAA22BA3AB}.AppStore|iPhoneSimulator.ActiveCfg = AppStore|iPhoneSimulator
		{00662C27-8862-440F-A27B-5AFAA22BA3AB}.AppStore|iPhoneSimulator.Build.0 = AppStore|iPhoneSimulator
		{00662C27-8862-440F-A27B-5AFAA22BA3AB}.AppStore|iPhoneSimulator.Deploy.0 = AppStore|iPhoneSimulator
		{00662C27-8862-440F-A27B-5AFAA22BA3AB}.Debug|Any CPU.ActiveCfg = Debug|iPhoneSimulator
		{00662C27-8862-440F-A27B-5AFAA22BA3AB}.Debug|Any CPU.Build.0 = Debug|iPhoneSimulator
		{00662C27-8862-440F-A27B-5AFAA22BA3AB}.Debug|Any CPU.Deploy.0 = Debug|iPhoneSimulator
		{00662C27-8862-440F-A27B-5AFAA22BA3AB}.Debug|iPhone.ActiveCfg = Debug|iPhone
		{00662C27-8862-440F-A27B-5AFAA22BA3AB}.Debug|iPhone.Build.0 = Debug|iPhone
		{00662C27-8862-440F-A27B-5AFAA22BA3AB}.Debug|iPhone.Deploy.0 = Debug|iPhone
		{00662C27-8862-440F-A27B-5AFAA22BA3AB}.Debug|iPhoneSimulator.ActiveCfg = Debug|iPhoneSimulator
		{00662C27-8862-440F-A27B-5AFAA22BA3AB}.Debug|iPhoneSimulator.Build.0 = Debug|iPhoneSimulator
		{00662C27-8862-440F-A27B-5AFAA22BA3AB}.Debug|iPhoneSimulator.Deploy.0 = Debug|iPhoneSimulator
		{00662C27-8862-440F-A27B-5AFAA22BA3AB}.Release|Any CPU.ActiveCfg = Release|iPhone
		{00662C27-8862-440F-A27B-5AFAA22BA3AB}.Release|Any CPU.Build.0 = Release|iPhone
		{00662C27-8862-440F-A27B-5AFAA22BA3AB}.Release|Any CPU.Deploy.0 = Release|iPhone
		{00662C27-8862-440F-A27B-5AFAA22BA3AB}.Release|iPhone.ActiveCfg = Release|iPhone
		{00662C27-8862-440F-A27B-5AFAA22BA3AB}.Release|iPhone.Build.0 = Release|iPhone
		{00662C27-8862-440F-A27B-5AFAA22BA3AB}.Release|iPhone.Deploy.0 = Release|iPhone
		{00662C27-8862-440F-A27B-5AFAA22BA3AB}.Release|iPhoneSimulator.ActiveCfg = Release|iPhoneSimulator
		{00662C27-8862-440F-A27B-5AFAA22BA3AB}.Release|iPhoneSimulator.Build.0 = Release|iPhoneSimulator
		{00662C27-8862-440F-A27B-5AFAA22BA3AB}.Release|iPhoneSimulator.Deploy.0 = Release|iPhoneSimulator
		{5BE8EB3E-CED5-42EA-8911-3B99DE2DEFDA}.Ad-Hoc|Any CPU.ActiveCfg = Debug|Any CPU
		{5BE8EB3E-CED5-42EA-8911-3B99DE2DEFDA}.Ad-Hoc|Any CPU.Build.0 = Debug|Any CPU
		{5BE8EB3E-CED5-42EA-8911-3B99DE2DEFDA}.Ad-Hoc|Any CPU.Deploy.0 = Debug|Any CPU
		{5BE8EB3E-CED5-42EA-8911-3B99DE2DEFDA}.Ad-Hoc|iPhone.ActiveCfg = Debug|Any CPU
		{5BE8EB3E-CED5-42EA-8911-3B99DE2DEFDA}.Ad-Hoc|iPhone.Build.0 = Debug|Any CPU
		{5BE8EB3E-CED5-42EA-8911-3B99DE2DEFDA}.Ad-Hoc|iPhone.Deploy.0 = Debug|Any CPU
		{5BE8EB3E-CED5-42EA-8911-3B99DE2DEFDA}.Ad-Hoc|iPhoneSimulator.ActiveCfg = Debug|Any CPU
		{5BE8EB3E-CED5-42EA-8911-3B99DE2DEFDA}.Ad-Hoc|iPhoneSimulator.Build.0 = Debug|Any CPU
		{5BE8EB3E-CED5-42EA-8911-3B99DE2DEFDA}.Ad-Hoc|iPhoneSimulator.Deploy.0 = Debug|Any CPU
		{5BE8EB3E-CED5-42EA-8911-3B99DE2DEFDA}.AppStore|Any CPU.ActiveCfg = Debug|Any CPU
		{5BE8EB3E-CED5-42EA-8911-3B99DE2DEFDA}.AppStore|Any CPU.Build.0 = Debug|Any CPU
		{5BE8EB3E-CED5-42EA-8911-3B99DE2DEFDA}.AppStore|Any CPU.Deploy.0 = Debug|Any CPU
		{5BE8EB3E-CED5-42EA-8911-3B99DE2DEFDA}.AppStore|iPhone.ActiveCfg = Debug|Any CPU
		{5BE8EB3E-CED5-42EA-8911-3B99DE2DEFDA}.AppStore|iPhone.Build.0 = Debug|Any CPU
		{5BE8EB3E-CED5-42EA-8911-3B99DE2DEFDA}.AppStore|iPhone.Deploy.0 = Debug|Any CPU
		{5BE8EB3E-CED5-42EA-8911-3B99DE2DEFDA}.AppStore|iPhoneSimulator.ActiveCfg = Debug|Any CPU
		{5BE8EB3E-CED5-42EA-8911-3B99DE2DEFDA}.AppStore|iPhoneSimulator.Build.0 = Debug|Any CPU
		{5BE8EB3E-CED5-42EA-8911-3B99DE2DEFDA}.AppStore|iPhoneSimulator.Deploy.0 = Debug|Any CPU
		{5BE8EB3E-CED5-42EA-8911-3B99DE2DEFDA}.Debug|Any CPU.ActiveCfg = Debug|Any CPU
		{5BE8EB3E-CED5-42EA-8911-3B99DE2DEFDA}.Debug|Any CPU.Build.0 = Debug|Any CPU
		{5BE8EB3E-CED5-42EA-8911-3B99DE2DEFDA}.Debug|Any CPU.Deploy.0 = Debug|Any CPU
		{5BE8EB3E-CED5-42EA-8911-3B99DE2DEFDA}.Debug|iPhone.ActiveCfg = Debug|Any CPU
		{5BE8EB3E-CED5-42EA-8911-3B99DE2DEFDA}.Debug|iPhone.Build.0 = Debug|Any CPU
		{5BE8EB3E-CED5-42EA-8911-3B99DE2DEFDA}.Debug|iPhone.Deploy.0 = Debug|Any CPU
		{5BE8EB3E-CED5-42EA-8911-3B99DE2DEFDA}.Debug|iPhoneSimulator.ActiveCfg = Debug|Any CPU
		{5BE8EB3E-CED5-42EA-8911-3B99DE2DEFDA}.Debug|iPhoneSimulator.Build.0 = Debug|Any CPU
		{5BE8EB3E-CED5-42EA-8911-3B99DE2DEFDA}.Debug|iPhoneSimulator.Deploy.0 = Debug|Any CPU
		{5BE8EB3E-CED5-42EA-8911-3B99DE2DEFDA}.Release|Any CPU.ActiveCfg = Release|Any CPU
		{5BE8EB3E-CED5-42EA-8911-3B99DE2DEFDA}.Release|Any CPU.Build.0 = Release|Any CPU
		{5BE8EB3E-CED5-42EA-8911-3B99DE2DEFDA}.Release|Any CPU.Deploy.0 = Release|Any CPU
		{5BE8EB3E-CED5-42EA-8911-3B99DE2DEFDA}.Release|iPhone.ActiveCfg = Release|Any CPU
		{5BE8EB3E-CED5-42EA-8911-3B99DE2DEFDA}.Release|iPhone.Build.0 = Release|Any CPU
		{5BE8EB3E-CED5-42EA-8911-3B99DE2DEFDA}.Release|iPhone.Deploy.0 = Release|Any CPU
		{5BE8EB3E-CED5-42EA-8911-3B99DE2DEFDA}.Release|iPhoneSimulator.ActiveCfg = Release|Any CPU
		{5BE8EB3E-CED5-42EA-8911-3B99DE2DEFDA}.Release|iPhoneSimulator.Build.0 = Release|Any CPU
		{5BE8EB3E-CED5-42EA-8911-3B99DE2DEFDA}.Release|iPhoneSimulator.Deploy.0 = Release|Any CPU
	EndGlobalSection
	GlobalSection(SolutionProperties) = preSolution
		HideSolutionNode = FALSE
	EndGlobalSection
	GlobalSection(ExtensibilityGlobals) = postSolution
		SolutionGuid = {E6F85412-EF0B-4D5C-9B64-0F2417C67D4E}
	EndGlobalSection
EndGlobal
